
Microsoft Visual Studio Solution File, Format Version 12.00
# Visual Studio Version 16
VisualStudioVersion = 16.0.29806.167
MinimumVisualStudioVersion = 10.0.40219.1
Project("{FAE04EC0-301F-11D3-BF4B-00C04F79EFBC}") = "Biblioteca.Web", "Biblioteca.Web\Biblioteca.Web.csproj", "{C6C9D8EE-F086-456B-BE74-EB7952A9E9EF}"
EndProject
Project("{FAE04EC0-301F-11D3-BF4B-00C04F79EFBC}") = "Biblioteca.Domain", "Biblioteca.Domain\Biblioteca.Domain.csproj", "{0B4A2CBD-83B9-4947-8046-C06635C57A40}"
EndProject
Project("{FAE04EC0-301F-11D3-BF4B-00C04F79EFBC}") = "Biblioteca.Application", "Biblioteca.Application\Biblioteca.Application.csproj", "{F47618B8-F0C0-41FD-87FE-7BFE6E160590}"
EndProject
Project("{FAE04EC0-301F-11D3-BF4B-00C04F79EFBC}") = "Biblioteca.Persistence", "Biblioteca.Persistence\Biblioteca.Persistence.csproj", "{46E22F94-B8ED-4466-A7F0-90D4C4346B58}"
EndProject
Global
	GlobalSection(SolutionConfigurationPlatforms) = preSolution
		Debug|Any CPU = Debug|Any CPU
		Release|Any CPU = Release|Any CPU
	EndGlobalSection
	GlobalSection(ProjectConfigurationPlatforms) = postSolution
		{C6C9D8EE-F086-456B-BE74-EB7952A9E9EF}.Debug|Any CPU.ActiveCfg = Debug|Any CPU
		{C6C9D8EE-F086-456B-BE74-EB7952A9E9EF}.Debug|Any CPU.Build.0 = Debug|Any CPU
		{C6C9D8EE-F086-456B-BE74-EB7952A9E9EF}.Release|Any CPU.ActiveCfg = Release|Any CPU
		{C6C9D8EE-F086-456B-BE74-EB7952A9E9EF}.Release|Any CPU.Build.0 = Release|Any CPU
		{0B4A2CBD-83B9-4947-8046-C06635C57A40}.Debug|Any CPU.ActiveCfg = Debug|Any CPU
		{0B4A2CBD-83B9-4947-8046-C06635C57A40}.Debug|Any CPU.Build.0 = Debug|Any CPU
		{0B4A2CBD-83B9-4947-8046-C06635C57A40}.Release|Any CPU.ActiveCfg = Release|Any CPU
		{0B4A2CBD-83B9-4947-8046-C06635C57A40}.Release|Any CPU.Build.0 = Release|Any CPU
		{F47618B8-F0C0-41FD-87FE-7BFE6E160590}.Debug|Any CPU.ActiveCfg = Debug|Any CPU
		{F47618B8-F0C0-41FD-87FE-7BFE6E160590}.Debug|Any CPU.Build.0 = Debug|Any CPU
		{F47618B8-F0C0-41FD-87FE-7BFE6E160590}.Release|Any CPU.ActiveCfg = Release|Any CPU
		{F47618B8-F0C0-41FD-87FE-7BFE6E160590}.Release|Any CPU.Build.0 = Release|Any CPU
		{46E22F94-B8ED-4466-A7F0-90D4C4346B58}.Debug|Any CPU.ActiveCfg = Debug|Any CPU
		{46E22F94-B8ED-4466-A7F0-90D4C4346B58}.Debug|Any CPU.Build.0 = Debug|Any CPU
		{46E22F94-B8ED-4466-A7F0-90D4C4346B58}.Release|Any CPU.ActiveCfg = Release|Any CPU
		{46E22F94-B8ED-4466-A7F0-90D4C4346B58}.Release|Any CPU.Build.0 = Release|Any CPU
	EndGlobalSection
	GlobalSection(SolutionProperties) = preSolution
		HideSolutionNode = FALSE
	EndGlobalSection
	GlobalSection(ExtensibilityGlobals) = postSolution
		SolutionGuid = {88EDBA45-E82C-4975-8BE8-C303BBC31E69}
	EndGlobalSection
EndGlobal
